
Microsoft Visual Studio Solution File, Format Version 12.00
# Visual Studio Version 17
VisualStudioVersion = 17.9.34622.214
MinimumVisualStudioVersion = 10.0.40219.1
Project("{FAE04EC0-301F-11D3-BF4B-00C04F79EFBC}") = "api", "api.csproj", "{5121E62B-1AF0-48E6-8A2F-51EAB9C9BD9A}"
EndProject
Global
	GlobalSection(SolutionConfigurationPlatforms) = preSolution
		Debug|Any CPU = Debug|Any CPU
		Release|Any CPU = Release|Any CPU
	EndGlobalSection
	GlobalSection(ProjectConfigurationPlatforms) = postSolution
		{5121E62B-1AF0-48E6-8A2F-51EAB9C9BD9A}.Debug|Any CPU.ActiveCfg = Debug|Any CPU
		{5121E62B-1AF0-48E6-8A2F-51EAB9C9BD9A}.Debug|Any CPU.Build.0 = Debug|Any CPU
		{5121E62B-1AF0-48E6-8A2F-51EAB9C9BD9A}.Release|Any CPU.ActiveCfg = Release|Any CPU
		{5121E62B-1AF0-48E6-8A2F-51EAB9C9BD9A}.Release|Any CPU.Build.0 = Release|Any CPU
	EndGlobalSection
	GlobalSection(SolutionProperties) = preSolution
		HideSolutionNode = FALSE
	EndGlobalSection
	GlobalSection(ExtensibilityGlobals) = postSolution
		SolutionGuid = {1C4E8FCC-5864-4C36-A824-3F6660689EB7}
	EndGlobalSection
EndGlobal
